
Microsoft Visual Studio Solution File, Format Version 12.00
# Visual Studio Version 16
VisualStudioVersion = 16.0.30907.101
MinimumVisualStudioVersion = 10.0.40219.1
Project("{FAE04EC0-301F-11D3-BF4B-00C04F79EFBC}") = "snake", "snake\snake.csproj", "{9F582005-2237-4D82-AF04-CE1FD24548E2}"
EndProject
Global
	GlobalSection(SolutionConfigurationPlatforms) = preSolution
		Debug|Any CPU = Debug|Any CPU
		Release|Any CPU = Release|Any CPU
	EndGlobalSection
	GlobalSection(ProjectConfigurationPlatforms) = postSolution
		{9F582005-2237-4D82-AF04-CE1FD24548E2}.Debug|Any CPU.ActiveCfg = Debug|Any CPU
		{9F582005-2237-4D82-AF04-CE1FD24548E2}.Debug|Any CPU.Build.0 = Debug|Any CPU
		{9F582005-2237-4D82-AF04-CE1FD24548E2}.Release|Any CPU.ActiveCfg = Release|Any CPU
		{9F582005-2237-4D82-AF04-CE1FD24548E2}.Release|Any CPU.Build.0 = Release|Any CPU
	EndGlobalSection
	GlobalSection(SolutionProperties) = preSolution
		HideSolutionNode = FALSE
	EndGlobalSection
	GlobalSection(ExtensibilityGlobals) = postSolution
		SolutionGuid = {61F4D7BD-363F-4CEB-A629-F86B977E2919}
	EndGlobalSection
EndGlobal
